
Microsoft Visual Studio Solution File, Format Version 12.00
# Visual Studio Version 17
VisualStudioVersion = 17.0.31903.59
MinimumVisualStudioVersion = 10.0.40219.1
Project("{FAE04EC0-301F-11D3-BF4B-00C04F79EFBC}") = "API", "API\API.csproj", "{D2170953-E545-4E25-923B-56B2926A636F}"
EndProject
Project("{FAE04EC0-301F-11D3-BF4B-00C04F79EFBC}") = "core", "core\core.csproj", "{9EC39BAF-0E4B-4B30-9876-A6FA59E81C64}"
EndProject
Project("{FAE04EC0-301F-11D3-BF4B-00C04F79EFBC}") = "Infrastructure", "Infrastructure\Infrastructure.csproj", "{D2211041-8CA9-4F57-BDD6-65A4D06A0925}"
EndProject
Global
	GlobalSection(SolutionConfigurationPlatforms) = preSolution
		Debug|Any CPU = Debug|Any CPU
		Release|Any CPU = Release|Any CPU
	EndGlobalSection
	GlobalSection(SolutionProperties) = preSolution
		HideSolutionNode = FALSE
	EndGlobalSection
	GlobalSection(ProjectConfigurationPlatforms) = postSolution
		{D2170953-E545-4E25-923B-56B2926A636F}.Debug|Any CPU.ActiveCfg = Debug|Any CPU
		{D2170953-E545-4E25-923B-56B2926A636F}.Debug|Any CPU.Build.0 = Debug|Any CPU
		{D2170953-E545-4E25-923B-56B2926A636F}.Release|Any CPU.ActiveCfg = Release|Any CPU
		{D2170953-E545-4E25-923B-56B2926A636F}.Release|Any CPU.Build.0 = Release|Any CPU
		{9EC39BAF-0E4B-4B30-9876-A6FA59E81C64}.Debug|Any CPU.ActiveCfg = Debug|Any CPU
		{9EC39BAF-0E4B-4B30-9876-A6FA59E81C64}.Debug|Any CPU.Build.0 = Debug|Any CPU
		{9EC39BAF-0E4B-4B30-9876-A6FA59E81C64}.Release|Any CPU.ActiveCfg = Release|Any CPU
		{9EC39BAF-0E4B-4B30-9876-A6FA59E81C64}.Release|Any CPU.Build.0 = Release|Any CPU
		{D2211041-8CA9-4F57-BDD6-65A4D06A0925}.Debug|Any CPU.ActiveCfg = Debug|Any CPU
		{D2211041-8CA9-4F57-BDD6-65A4D06A0925}.Debug|Any CPU.Build.0 = Debug|Any CPU
		{D2211041-8CA9-4F57-BDD6-65A4D06A0925}.Release|Any CPU.ActiveCfg = Release|Any CPU
		{D2211041-8CA9-4F57-BDD6-65A4D06A0925}.Release|Any CPU.Build.0 = Release|Any CPU
	EndGlobalSection
EndGlobal
